
Microsoft Visual Studio Solution File, Format Version 12.00
# Visual Studio Version 16
VisualStudioVersion = 16.0.32002.261
MinimumVisualStudioVersion = 10.0.40219.1
Project("{FAE04EC0-301F-11D3-BF4B-00C04F79EFBC}") = "AsadArithmeticCalculator", "AsadArithmeticCalculator\AsadArithmeticCalculator.csproj", "{64716A87-6C08-4DB5-9CC3-3BB887E56E2E}"
EndProject
Global
	GlobalSection(SolutionConfigurationPlatforms) = preSolution
		Debug|Any CPU = Debug|Any CPU
		Release|Any CPU = Release|Any CPU
	EndGlobalSection
	GlobalSection(ProjectConfigurationPlatforms) = postSolution
		{64716A87-6C08-4DB5-9CC3-3BB887E56E2E}.Debug|Any CPU.ActiveCfg = Debug|Any CPU
		{64716A87-6C08-4DB5-9CC3-3BB887E56E2E}.Debug|Any CPU.Build.0 = Debug|Any CPU
		{64716A87-6C08-4DB5-9CC3-3BB887E56E2E}.Release|Any CPU.ActiveCfg = Release|Any CPU
		{64716A87-6C08-4DB5-9CC3-3BB887E56E2E}.Release|Any CPU.Build.0 = Release|Any CPU
	EndGlobalSection
	GlobalSection(SolutionProperties) = preSolution
		HideSolutionNode = FALSE
	EndGlobalSection
	GlobalSection(ExtensibilityGlobals) = postSolution
		SolutionGuid = {120DAC5E-1197-40F8-93B5-91179A8FE49D}
	EndGlobalSection
EndGlobal
